
Microsoft Visual Studio Solution File, Format Version 12.00
# Visual Studio 15
VisualStudioVersion = 15.0.27703.2026
MinimumVisualStudioVersion = 10.0.40219.1
Project("{FAE04EC0-301F-11D3-BF4B-00C04F79EFBC}") = "VoiceRecognitionSample.iOS", "VoiceRecognitionSample\VoiceRecognitionSample.iOS\VoiceRecognitionSample.iOS.csproj", "{6EF0AF82-52FE-4064-8D80-F88B35C4D1F4}"
EndProject
Project("{FAE04EC0-301F-11D3-BF4B-00C04F79EFBC}") = "VoiceRecognitionSample", "VoiceRecognitionSample\VoiceRecognitionSample\VoiceRecognitionSample.csproj", "{53C68957-709C-4618-82A9-5A30636A03E9}"
EndProject
Global
	GlobalSection(SolutionConfigurationPlatforms) = preSolution
		Ad-Hoc|Any CPU = Ad-Hoc|Any CPU
		Ad-Hoc|iPhone = Ad-Hoc|iPhone
		Ad-Hoc|iPhoneSimulator = Ad-Hoc|iPhoneSimulator
		AppStore|Any CPU = AppStore|Any CPU
		AppStore|iPhone = AppStore|iPhone
		AppStore|iPhoneSimulator = AppStore|iPhoneSimulator
		Debug|Any CPU = Debug|Any CPU
		Debug|iPhone = Debug|iPhone
		Debug|iPhoneSimulator = Debug|iPhoneSimulator
		Release|Any CPU = Release|Any CPU
		Release|iPhone = Release|iPhone
		Release|iPhoneSimulator = Release|iPhoneSimulator
	EndGlobalSection
	GlobalSection(ProjectConfigurationPlatforms) = postSolution
		{6EF0AF82-52FE-4064-8D80-F88B35C4D1F4}.Ad-Hoc|Any CPU.ActiveCfg = Ad-Hoc|iPhone
		{6EF0AF82-52FE-4064-8D80-F88B35C4D1F4}.Ad-Hoc|Any CPU.Build.0 = Ad-Hoc|iPhone
		{6EF0AF82-52FE-4064-8D80-F88B35C4D1F4}.Ad-Hoc|Any CPU.Deploy.0 = Ad-Hoc|iPhone
		{6EF0AF82-52FE-4064-8D80-F88B35C4D1F4}.Ad-Hoc|iPhone.ActiveCfg = Ad-Hoc|iPhone
		{6EF0AF82-52FE-4064-8D80-F88B35C4D1F4}.Ad-Hoc|iPhone.Build.0 = Ad-Hoc|iPhone
		{6EF0AF82-52FE-4064-8D80-F88B35C4D1F4}.Ad-Hoc|iPhone.Deploy.0 = Ad-Hoc|iPhone
		{6EF0AF82-52FE-4064-8D80-F88B35C4D1F4}.Ad-Hoc|iPhoneSimulator.ActiveCfg = Ad-Hoc|iPhoneSimulator
		{6EF0AF82-52FE-4064-8D80-F88B35C4D1F4}.Ad-Hoc|iPhoneSimulator.Build.0 = Ad-Hoc|iPhoneSimulator
		{6EF0AF82-52FE-4064-8D80-F88B35C4D1F4}.Ad-Hoc|iPhoneSimulator.Deploy.0 = Ad-Hoc|iPhoneSimulator
		{6EF0AF82-52FE-4064-8D80-F88B35C4D1F4}.AppStore|Any CPU.ActiveCfg = AppStore|iPhone
		{6EF0AF82-52FE-4064-8D80-F88B35C4D1F4}.AppStore|Any CPU.Build.0 = AppStore|iPhone
		{6EF0AF82-52FE-4064-8D80-F88B35C4D1F4}.AppStore|Any CPU.Deploy.0 = AppStore|iPhone
		{6EF0AF82-52FE-4064-8D80-F88B35C4D1F4}.AppStore|iPhone.ActiveCfg = AppStore|iPhone
		{6EF0AF82-52FE-4064-8D80-F88B35C4D1F4}.AppStore|iPhone.Build.0 = AppStore|iPhone
		{6EF0AF82-52FE-4064-8D80-F88B35C4D1F4}.AppStore|iPhone.Deploy.0 = AppStore|iPhone
		{6EF0AF82-52FE-4064-8D80-F88B35C4D1F4}.AppStore|iPhoneSimulator.ActiveCfg = AppStore|iPhoneSimulator
		{6EF0AF82-52FE-4064-8D80-F88B35C4D1F4}.AppStore|iPhoneSimulator.Build.0 = AppStore|iPhoneSimulator
		{6EF0AF82-52FE-4064-8D80-F88B35C4D1F4}.AppStore|iPhoneSimulator.Deploy.0 = AppStore|iPhoneSimulator
		{6EF0AF82-52FE-4064-8D80-F88B35C4D1F4}.Debug|Any CPU.ActiveCfg = Debug|iPhoneSimulator
		{6EF0AF82-52FE-4064-8D80-F88B35C4D1F4}.Debug|Any CPU.Build.0 = Debug|iPhoneSimulator
		{6EF0AF82-52FE-4064-8D80-F88B35C4D1F4}.Debug|Any CPU.Deploy.0 = Debug|iPhoneSimulator
		{6EF0AF82-52FE-4064-8D80-F88B35C4D1F4}.Debug|iPhone.ActiveCfg = Debug|iPhone
		{6EF0AF82-52FE-4064-8D80-F88B35C4D1F4}.Debug|iPhone.Build.0 = Debug|iPhone
		{6EF0AF82-52FE-4064-8D80-F88B35C4D1F4}.Debug|iPhone.Deploy.0 = Debug|iPhone
		{6EF0AF82-52FE-4064-8D80-F88B35C4D1F4}.Debug|iPhoneSimulator.ActiveCfg = Debug|iPhoneSimulator
		{6EF0AF82-52FE-4064-8D80-F88B35C4D1F4}.Debug|iPhoneSimulator.Build.0 = Debug|iPhoneSimulator
		{6EF0AF82-52FE-4064-8D80-F88B35C4D1F4}.Debug|iPhoneSimulator.Deploy.0 = Debug|iPhoneSimulator
		{6EF0AF82-52FE-4064-8D80-F88B35C4D1F4}.Release|Any CPU.ActiveCfg = Release|iPhone
		{6EF0AF82-52FE-4064-8D80-F88B35C4D1F4}.Release|Any CPU.Build.0 = Release|iPhone
		{6EF0AF82-52FE-4064-8D80-F88B35C4D1F4}.Release|Any CPU.Deploy.0 = Release|iPhone
		{6EF0AF82-52FE-4064-8D80-F88B35C4D1F4}.Release|iPhone.ActiveCfg = Release|iPhone
		{6EF0AF82-52FE-4064-8D80-F88B35C4D1F4}.Release|iPhone.Build.0 = Release|iPhone
		{6EF0AF82-52FE-4064-8D80-F88B35C4D1F4}.Release|iPhone.Deploy.0 = Release|iPhone
		{6EF0AF82-52FE-4064-8D80-F88B35C4D1F4}.Release|iPhoneSimulator.ActiveCfg = Release|iPhoneSimulator
		{6EF0AF82-52FE-4064-8D80-F88B35C4D1F4}.Release|iPhoneSimulator.Build.0 = Release|iPhoneSimulator
		{6EF0AF82-52FE-4064-8D80-F88B35C4D1F4}.Release|iPhoneSimulator.Deploy.0 = Release|iPhoneSimulator
		{53C68957-709C-4618-82A9-5A30636A03E9}.Ad-Hoc|Any CPU.ActiveCfg = Debug|Any CPU
		{53C68957-709C-4618-82A9-5A30636A03E9}.Ad-Hoc|Any CPU.Build.0 = Debug|Any CPU
		{53C68957-709C-4618-82A9-5A30636A03E9}.Ad-Hoc|Any CPU.Deploy.0 = Debug|Any CPU
		{53C68957-709C-4618-82A9-5A30636A03E9}.Ad-Hoc|iPhone.ActiveCfg = Debug|Any CPU
		{53C68957-709C-4618-82A9-5A30636A03E9}.Ad-Hoc|iPhone.Build.0 = Debug|Any CPU
		{53C68957-709C-4618-82A9-5A30636A03E9}.Ad-Hoc|iPhone.Deploy.0 = Debug|Any CPU
		{53C68957-709C-4618-82A9-5A30636A03E9}.Ad-Hoc|iPhoneSimulator.ActiveCfg = Debug|Any CPU
		{53C68957-709C-4618-82A9-5A30636A03E9}.Ad-Hoc|iPhoneSimulator.Build.0 = Debug|Any CPU
		{53C68957-709C-4618-82A9-5A30636A03E9}.Ad-Hoc|iPhoneSimulator.Deploy.0 = Debug|Any CPU
		{53C68957-709C-4618-82A9-5A30636A03E9}.AppStore|Any CPU.ActiveCfg = Debug|Any CPU
		{53C68957-709C-4618-82A9-5A30636A03E9}.AppStore|Any CPU.Build.0 = Debug|Any CPU
		{53C68957-709C-4618-82A9-5A30636A03E9}.AppStore|Any CPU.Deploy.0 = Debug|Any CPU
		{53C68957-709C-4618-82A9-5A30636A03E9}.AppStore|iPhone.ActiveCfg = Debug|Any CPU
		{53C68957-709C-4618-82A9-5A30636A03E9}.AppStore|iPhone.Build.0 = Debug|Any CPU
		{53C68957-709C-4618-82A9-5A30636A03E9}.AppStore|iPhone.Deploy.0 = Debug|Any CPU
		{53C68957-709C-4618-82A9-5A30636A03E9}.AppStore|iPhoneSimulator.ActiveCfg = Debug|Any CPU
		{53C68957-709C-4618-82A9-5A30636A03E9}.AppStore|iPhoneSimulator.Build.0 = Debug|Any CPU
		{53C68957-709C-4618-82A9-5A30636A03E9}.AppStore|iPhoneSimulator.Deploy.0 = Debug|Any CPU
		{53C68957-709C-4618-82A9-5A30636A03E9}.Debug|Any CPU.ActiveCfg = Debug|Any CPU
		{53C68957-709C-4618-82A9-5A30636A03E9}.Debug|Any CPU.Build.0 = Debug|Any CPU
		{53C68957-709C-4618-82A9-5A30636A03E9}.Debug|Any CPU.Deploy.0 = Debug|Any CPU
		{53C68957-709C-4618-82A9-5A30636A03E9}.Debug|iPhone.ActiveCfg = Debug|Any CPU
		{53C68957-709C-4618-82A9-5A30636A03E9}.Debug|iPhone.Build.0 = Debug|Any CPU
		{53C68957-709C-4618-82A9-5A30636A03E9}.Debug|iPhone.Deploy.0 = Debug|Any CPU
		{53C68957-709C-4618-82A9-5A30636A03E9}.Debug|iPhoneSimulator.ActiveCfg = Debug|Any CPU
		{53C68957-709C-4618-82A9-5A30636A03E9}.Debug|iPhoneSimulator.Build.0 = Debug|Any CPU
		{53C68957-709C-4618-82A9-5A30636A03E9}.Debug|iPhoneSimulator.Deploy.0 = Debug|Any CPU
		{53C68957-709C-4618-82A9-5A30636A03E9}.Release|Any CPU.ActiveCfg = Release|Any CPU
		{53C68957-709C-4618-82A9-5A30636A03E9}.Release|Any CPU.Build.0 = Release|Any CPU
		{53C68957-709C-4618-82A9-5A30636A03E9}.Release|Any CPU.Deploy.0 = Release|Any CPU
		{53C68957-709C-4618-82A9-5A30636A03E9}.Release|iPhone.ActiveCfg = Release|Any CPU
		{53C68957-709C-4618-82A9-5A30636A03E9}.Release|iPhone.Build.0 = Release|Any CPU
		{53C68957-709C-4618-82A9-5A30636A03E9}.Release|iPhone.Deploy.0 = Release|Any CPU
		{53C68957-709C-4618-82A9-5A30636A03E9}.Release|iPhoneSimulator.ActiveCfg = Release|Any CPU
		{53C68957-709C-4618-82A9-5A30636A03E9}.Release|iPhoneSimulator.Build.0 = Release|Any CPU
		{53C68957-709C-4618-82A9-5A30636A03E9}.Release|iPhoneSimulator.Deploy.0 = Release|Any CPU
	EndGlobalSection
	GlobalSection(SolutionProperties) = preSolution
		HideSolutionNode = FALSE
	EndGlobalSection
	GlobalSection(ExtensibilityGlobals) = postSolution
		SolutionGuid = {DB3D0C60-2ED7-454E-A83B-6F887B0EE5D0}
	EndGlobalSection
EndGlobal
